// !$*UTF8*$!
{
	archiveVersion = 1;
	classes = {
	};
	objectVersion = 46;
	objects = {

/* Begin PBXBuildFile section */
		1E5251961E513EA0006B418E /* CustomCollectionViewCell.swift in Sources */ = {isa = PBXBuildFile; fileRef = 1E5251951E513EA0006B418E /* CustomCollectionViewCell.swift */; };
		1E52519F1E514784006B418E /* CollectionViewController.swift in Sources */ = {isa = PBXBuildFile; fileRef = 1E52519E1E514784006B418E /* CollectionViewController.swift */; };
		1E9044901E3EC76B00F1D03E /* AppDelegate.swift in Sources */ = {isa = PBXBuildFile; fileRef = 1E90448F1E3EC76B00F1D03E /* AppDelegate.swift */; };
		1E9044951E3EC76B00F1D03E /* Main.storyboard in Resources */ = {isa = PBXBuildFile; fileRef = 1E9044931E3EC76B00F1D03E /* Main.storyboard */; };
		1E9044971E3EC76B00F1D03E /* Assets.xcassets in Resources */ = {isa = PBXBuildFile; fileRef = 1E9044961E3EC76B00F1D03E /* Assets.xcassets */; };
		1E90449A1E3EC76B00F1D03E /* LaunchScreen.storyboard in Resources */ = {isa = PBXBuildFile; fileRef = 1E9044981E3EC76B00F1D03E /* LaunchScreen.storyboard */; };
		1E9044A21E3EC81F00F1D03E /* MoviesViewController.swift in Sources */ = {isa = PBXBuildFile; fileRef = 1E9044A11E3EC81F00F1D03E /* MoviesViewController.swift */; };
		1E9044A81E3EEF0900F1D03E /* MovieCell.swift in Sources */ = {isa = PBXBuildFile; fileRef = 1E9044A71E3EEF0900F1D03E /* MovieCell.swift */; };
		1E95CCB71E4840E7004FDE94 /* DetailViewController.swift in Sources */ = {isa = PBXBuildFile; fileRef = 1E95CCB61E4840E7004FDE94 /* DetailViewController.swift */; };
		E711413E47F312FF65801004 /* Pods_MovieViewer.framework in Frameworks */ = {isa = PBXBuildFile; fileRef = 3E00E5243F49BF106C86BC4A /* Pods_MovieViewer.framework */; };
/* End PBXBuildFile section */

/* Begin PBXFileReference section */
		1E5251951E513EA0006B418E /* CustomCollectionViewCell.swift */ = {isa = PBXFileReference; fileEncoding = 4; lastKnownFileType = sourcecode.swift; path = CustomCollectionViewCell.swift; sourceTree = "<group>"; };
		1E52519E1E514784006B418E /* CollectionViewController.swift */ = {isa = PBXFileReference; fileEncoding = 4; lastKnownFileType = sourcecode.swift; path = CollectionViewController.swift; sourceTree = "<group>"; };
		1E90448C1E3EC76B00F1D03E /* MovieViewer.app */ = {isa = PBXFileReference; explicitFileType = wrapper.application; includeInIndex = 0; path = MovieViewer.app; sourceTree = BUILT_PRODUCTS_DIR; };
		1E90448F1E3EC76B00F1D03E /* AppDelegate.swift */ = {isa = PBXFileReference; lastKnownFileType = sourcecode.swift; path = AppDelegate.swift; sourceTree = "<group>"; };
		1E9044941E3EC76B00F1D03E /* Base */ = {isa = PBXFileReference; lastKnownFileType = file.storyboard; name = Base; path = Base.lproj/Main.storyboard; sourceTree = "<group>"; };
		1E9044961E3EC76B00F1D03E /* Assets.xcassets */ = {isa = PBXFileReference; lastKnownFileType = folder.assetcatalog; path = Assets.xcassets; sourceTree = "<group>"; };
		1E9044991E3EC76B00F1D03E /* Base */ = {isa = PBXFileReference; lastKnownFileType = file.storyboard; name = Base; path = Base.lproj/LaunchScreen.storyboard; sourceTree = "<group>"; };
		1E90449B1E3EC76B00F1D03E /* Info.plist */ = {isa = PBXFileReference; lastKnownFileType = text.plist.xml; path = Info.plist; sourceTree = "<group>"; };
		1E9044A11E3EC81F00F1D03E /* MoviesViewController.swift */ = {isa = PBXFileReference; fileEncoding = 4; lastKnownFileType = sourcecode.swift; path = MoviesViewController.swift; sourceTree = "<group>"; };
		1E9044A71E3EEF0900F1D03E /* MovieCell.swift */ = {isa = PBXFileReference; fileEncoding = 4; lastKnownFileType = sourcecode.swift; path = MovieCell.swift; sourceTree = "<group>"; };
		1E95CCB61E4840E7004FDE94 /* DetailViewController.swift */ = {isa = PBXFileReference; fileEncoding = 4; lastKnownFileType = sourcecode.swift; path = DetailViewController.swift; sourceTree = "<group>"; };
		3E00E5243F49BF106C86BC4A /* Pods_MovieViewer.framework */ = {isa = PBXFileReference; explicitFileType = wrapper.framework; includeInIndex = 0; path = Pods_MovieViewer.framework; sourceTree = BUILT_PRODUCTS_DIR; };
		B06176B044566F15E4271C1B /* Pods-MovieViewer.debug.xcconfig */ = {isa = PBXFileReference; includeInIndex = 1; lastKnownFileType = text.xcconfig; name = "Pods-MovieViewer.debug.xcconfig"; path = "Pods/Target Support Files/Pods-MovieViewer/Pods-MovieViewer.debug.xcconfig"; sourceTree = "<group>"; };
		DD2BFF9AA930F2B57765752E /* Pods-MovieViewer.release.xcconfig */ = {isa = PBXFileReference; includeInIndex = 1; lastKnownFileType = text.xcconfig; name = "Pods-MovieViewer.release.xcconfig"; path = "Pods/Target Support Files/Pods-MovieViewer/Pods-MovieViewer.release.xcconfig"; sourceTree = "<group>"; };
/* End PBXFileReference section */

/* Begin PBXFrameworksBuildPhase section */
		1E9044891E3EC76A00F1D03E /* Frameworks */ = {
			isa = PBXFrameworksBuildPhase;
			buildActionMask = 2147483647;
			files = (
				E711413E47F312FF65801004 /* Pods_MovieViewer.framework in Frameworks */,
			);
			runOnlyForDeploymentPostprocessing = 0;
		};
/* End PBXFrameworksBuildPhase section */

/* Begin PBXGroup section */
		1E5251971E513EA7006B418E /* Detail View */ = {
			isa = PBXGroup;
			children = (
				1E95CCB61E4840E7004FDE94 /* DetailViewController.swift */,
			);
			name = "Detail View";
			sourceTree = "<group>";
		};
		1E9044831E3EC76A00F1D03E = {
			isa = PBXGroup;
			children = (
				1E90448E1E3EC76B00F1D03E /* MovieViewer */,
				1E90448D1E3EC76B00F1D03E /* Products */,
				CF6C4D883336A3E664B571AB /* Pods */,
				FEC22B6636AF9231FA8C0AE5 /* Frameworks */,
			);
			sourceTree = "<group>";
		};
		1E90448D1E3EC76B00F1D03E /* Products */ = {
			isa = PBXGroup;
			children = (
				1E90448C1E3EC76B00F1D03E /* MovieViewer.app */,
			);
			name = Products;
			sourceTree = "<group>";
		};
		1E90448E1E3EC76B00F1D03E /* MovieViewer */ = {
			isa = PBXGroup;
			children = (
				1E9044A61E3EEDD000F1D03E /* View Controllers */,
				1E9044A31E3EED6B00F1D03E /* Collection View Controller */,
				1E5251971E513EA7006B418E /* Detail View */,
				1E90448F1E3EC76B00F1D03E /* AppDelegate.swift */,
				1E9044931E3EC76B00F1D03E /* Main.storyboard */,
				1E9044961E3EC76B00F1D03E /* Assets.xcassets */,
				1E9044981E3EC76B00F1D03E /* LaunchScreen.storyboard */,
				1E90449B1E3EC76B00F1D03E /* Info.plist */,
			);
			path = MovieViewer;
			sourceTree = "<group>";
		};
		1E9044A31E3EED6B00F1D03E /* Collection View Controller */ = {
			isa = PBXGroup;
			children = (
				1E52519E1E514784006B418E /* CollectionViewController.swift */,
				1E5251951E513EA0006B418E /* CustomCollectionViewCell.swift */,
			);
			name = "Collection View Controller";
			sourceTree = "<group>";
		};
		1E9044A61E3EEDD000F1D03E /* View Controllers */ = {
			isa = PBXGroup;
			children = (
				1E9044A11E3EC81F00F1D03E /* MoviesViewController.swift */,
				1E9044A71E3EEF0900F1D03E /* MovieCell.swift */,
			);
			name = "View Controllers";
			sourceTree = "<group>";
		};
		CF6C4D883336A3E664B571AB /* Pods */ = {
			isa = PBXGroup;
			children = (
				B06176B044566F15E4271C1B /* Pods-MovieViewer.debug.xcconfig */,
				DD2BFF9AA930F2B57765752E /* Pods-MovieViewer.release.xcconfig */,
			);
			name = Pods;
			sourceTree = "<group>";
		};
		FEC22B6636AF9231FA8C0AE5 /* Frameworks */ = {
			isa = PBXGroup;
			children = (
				3E00E5243F49BF106C86BC4A /* Pods_MovieViewer.framework */,
			);
			name = Frameworks;
			sourceTree = "<group>";
		};
/* End PBXGroup section */

/* Begin PBXNativeTarget section */
		1E90448B1E3EC76A00F1D03E /* MovieViewer */ = {
			isa = PBXNativeTarget;
			buildConfigurationList = 1E90449E1E3EC76B00F1D03E /* Build configuration list for PBXNativeTarget "MovieViewer" */;
			buildPhases = (
				3DA14A6B9ABD8F642D0B29BE /* [CP] Check Pods Manifest.lock */,
				1E9044881E3EC76A00F1D03E /* Sources */,
				1E9044891E3EC76A00F1D03E /* Frameworks */,
				1E90448A1E3EC76A00F1D03E /* Resources */,
				F38A787EB2AB2CB43898C537 /* [CP] Embed Pods Frameworks */,
				A20E0663EDA2AFB132DA0A5B /* [CP] Copy Pods Resources */,
			);
			buildRules = (
			);
			dependencies = (
			);
			name = MovieViewer;
			productName = MovieViewer;
			productReference = 1E90448C1E3EC76B00F1D03E /* MovieViewer.app */;
			productType = "com.apple.product-type.application";
		};
/* End PBXNativeTarget section */

/* Begin PBXProject section */
		1E9044841E3EC76A00F1D03E /* Project object */ = {
			isa = PBXProject;
			attributes = {
				LastSwiftUpdateCheck = 0820;
				LastUpgradeCheck = 0820;
				ORGANIZATIONNAME = "Dwayne Johnson";
				TargetAttributes = {
					1E90448B1E3EC76A00F1D03E = {
						CreatedOnToolsVersion = 8.2.1;
						DevelopmentTeam = 7BBV59XUZL;
						ProvisioningStyle = Automatic;
					};
				};
			};
			buildConfigurationList = 1E9044871E3EC76A00F1D03E /* Build configuration list for PBXProject "MovieViewer" */;
			compatibilityVersion = "Xcode 3.2";
			developmentRegion = English;
			hasScannedForEncodings = 0;
			knownRegions = (
				en,
				Base,
			);
			mainGroup = 1E9044831E3EC76A00F1D03E;
			productRefGroup = 1E90448D1E3EC76B00F1D03E /* Products */;
			projectDirPath = "";
			projectRoot = "";
			targets = (
				1E90448B1E3EC76A00F1D03E /* MovieViewer */,
			);
		};
/* End PBXProject section */

/* Begin PBXResourcesBuildPhase section */
		1E90448A1E3EC76A00F1D03E /* Resources */ = {
			isa = PBXResourcesBuildPhase;
			buildActionMask = 2147483647;
			files = (
				1E90449A1E3EC76B00F1D03E /* LaunchScreen.storyboard in Resources */,
				1E9044971E3EC76B00F1D03E /* Assets.xcassets in Resources */,
				1E9044951E3EC76B00F1D03E /* Main.storyboard in Resources */,
			);
			runOnlyForDeploymentPostprocessing = 0;
		};
/* End PBXResourcesBuildPhase section */

/* Begin PBXShellScriptBuildPhase section */
		3DA14A6B9ABD8F642D0B29BE /* [CP] Check Pods Manifest.lock */ = {
			isa = PBXShellScriptBuildPhase;
			buildActionMask = 2147483647;
			files = (
			);
			inputPaths = (
			);
			name = "[CP] Check Pods Manifest.lock";
			outputPaths = (
			);
			runOnlyForDeploymentPostprocessing = 0;
			shellPath = /bin/sh;
			shellScript = "diff \"${PODS_ROOT}/../Podfile.lock\" \"${PODS_ROOT}/Manifest.lock\" > /dev/null\nif [ $? != 0 ] ; then\n    # print error to STDERR\n    echo \"error: The sandbox is not in sync with the Podfile.lock. Run 'pod install' or update your CocoaPods installation.\" >&2\n    exit 1\nfi\n";
			showEnvVarsInLog = 0;
		};
		A20E0663EDA2AFB132DA0A5B /* [CP] Copy Pods Resources */ = {
			isa = PBXShellScriptBuildPhase;
			buildActionMask = 2147483647;
			files = (
			);
			inputPaths = (
			);
			name = "[CP] Copy Pods Resources";
			outputPaths = (
			);
			runOnlyForDeploymentPostprocessing = 0;
			shellPath = /bin/sh;
			shellScript = "\"${SRCROOT}/Pods/Target Support Files/Pods-MovieViewer/Pods-MovieViewer-resources.sh\"\n";
			showEnvVarsInLog = 0;
		};
		F38A787EB2AB2CB43898C537 /* [CP] Embed Pods Frameworks */ = {
			isa = PBXShellScriptBuildPhase;
			buildActionMask = 2147483647;
			files = (
			);
			inputPaths = (
			);
			name = "[CP] Embed Pods Frameworks";
			outputPaths = (
			);
			runOnlyForDeploymentPostprocessing = 0;
			shellPath = /bin/sh;
			shellScript = "\"${SRCROOT}/Pods/Target Support Files/Pods-MovieViewer/Pods-MovieViewer-frameworks.sh\"\n";
			showEnvVarsInLog = 0;
		};
/* End PBXShellScriptBuildPhase section */

/* Begin PBXSourcesBuildPhase section */
		1E9044881E3EC76A00F1D03E /* Sources */ = {
			isa = PBXSourcesBuildPhase;
			buildActionMask = 2147483647;
			files = (
				1E52519F1E514784006B418E /* CollectionViewController.swift in Sources */,
				1E9044901E3EC76B00F1D03E /* AppDelegate.swift in Sources */,
				1E5251961E513EA0006B418E /* CustomCollectionViewCell.swift in Sources */,
				1E9044A21E3EC81F00F1D03E /* MoviesViewController.swift in Sources */,
				1E9044A81E3EEF0900F1D03E /* MovieCell.swift in Sources */,
				1E95CCB71E4840E7004FDE94 /* DetailViewController.swift in Sources */,
			);
			runOnlyForDeploymentPostprocessing = 0;
		};
/* End PBXSourcesBuildPhase section */

/* Begin PBXVariantGroup section */
		1E9044931E3EC76B00F1D03E /* Main.storyboard */ = {
			isa = PBXVariantGroup;
			children = (
				1E9044941E3EC76B00F1D03E /* Base */,
			);
			name = Main.storyboard;
			sourceTree = "<group>";
		};
		1E9044981E3EC76B00F1D03E /* LaunchScreen.storyboard */ = {
			isa = PBXVariantGroup;
			children = (
				1E9044991E3EC76B00F1D03E /* Base */,
			);
			name = LaunchScreen.storyboard;
			sourceTree = "<group>";
		};
/* End PBXVariantGroup section */

/* Begin XCBuildConfiguration section */
		1E90449C1E3EC76B00F1D03E /* Debug */ = {
			isa = XCBuildConfiguration;
			buildSettings = {
				ALWAYS_SEARCH_USER_PATHS = NO;
				CLANG_ANALYZER_NONNULL = YES;
				CLANG_CXX_LANGUAGE_STANDARD = "gnu++0x";
				CLANG_CXX_LIBRARY = "libc++";
				CLANG_ENABLE_MODULES = YES;
				CLANG_ENABLE_OBJC_ARC = YES;
				CLANG_WARN_BOOL_CONVERSION = YES;
				CLANG_WARN_CONSTANT_CONVERSION = YES;
				CLANG_WARN_DIRECT_OBJC_ISA_USAGE = YES_ERROR;
				CLANG_WARN_DOCUMENTATION_COMMENTS = YES;
				CLANG_WARN_EMPTY_BODY = YES;
				CLANG_WARN_ENUM_CONVERSION = YES;
				CLANG_WARN_INFINITE_RECURSION = YES;
				CLANG_WARN_INT_CONVERSION = YES;
				CLANG_WARN_OBJC_ROOT_CLASS = YES_ERROR;
				CLANG_WARN_SUSPICIOUS_MOVE = YES;
				CLANG_WARN_UNREACHABLE_CODE = YES;
				CLANG_WARN__DUPLICATE_METHOD_MATCH = YES;
				"CODE_SIGN_IDENTITY[sdk=iphoneos*]" = "iPhone Developer";
				COPY_PHASE_STRIP = NO;
				DEBUG_INFORMATION_FORMAT = dwarf;
				ENABLE_STRICT_OBJC_MSGSEND = YES;
				ENABLE_TESTABILITY = YES;
				GCC_C_LANGUAGE_STANDARD = gnu99;
				GCC_DYNAMIC_NO_PIC = NO;
				GCC_NO_COMMON_BLOCKS = YES;
				GCC_OPTIMIZATION_LEVEL = 0;
				GCC_PREPROCESSOR_DEFINITIONS = (
					"DEBUG=1",
					"$(inherited)",
				);
				GCC_WARN_64_TO_32_BIT_CONVERSION = YES;
				GCC_WARN_ABOUT_RETURN_TYPE = YES_ERROR;
				GCC_WARN_UNDECLARED_SELECTOR = YES;
				GCC_WARN_UNINITIALIZED_AUTOS = YES_AGGRESSIVE;
				GCC_WARN_UNUSED_FUNCTION = YES;
				GCC_WARN_UNUSED_VARIABLE = YES;
				IPHONEOS_DEPLOYMENT_TARGET = 10.2;
				MTL_ENABLE_DEBUG_INFO = YES;
				ONLY_ACTIVE_ARCH = YES;
				SDKROOT = iphoneos;
				SWIFT_ACTIVE_COMPILATION_CONDITIONS = DEBUG;
				SWIFT_OPTIMIZATION_LEVEL = "-Onone";
				TARGETED_DEVICE_FAMILY = "1,2";
			};
			name = Debug;
		};
		1E90449D1E3EC76B00F1D03E /* Release */ = {
			isa = XCBuildConfiguration;
			buildSettings = {
				ALWAYS_SEARCH_USER_PATHS = NO;
				CLANG_ANALYZER_NONNULL = YES;
				CLANG_CXX_LANGUAGE_STANDARD = "gnu++0x";
				CLANG_CXX_LIBRARY = "libc++";
				CLANG_ENABLE_MODULES = YES;
				CLANG_ENABLE_OBJC_ARC = YES;
				CLANG_WARN_BOOL_CONVERSION = YES;
				CLANG_WARN_CONSTANT_CONVERSION = YES;
				CLANG_WARN_DIRECT_OBJC_ISA_USAGE = YES_ERROR;
				CLANG_WARN_DOCUMENTATION_COMMENTS = YES;
				CLANG_WARN_EMPTY_BODY = YES;
				CLANG_WARN_ENUM_CONVERSION = YES;
				CLANG_WARN_INFINITE_RECURSION = YES;
				CLANG_WARN_INT_CONVERSION = YES;
				CLANG_WARN_OBJC_ROOT_CLASS = YES_ERROR;
				CLANG_WARN_SUSPICIOUS_MOVE = YES;
				CLANG_WARN_UNREACHABLE_CODE = YES;
				CLANG_WARN__DUPLICATE_METHOD_MATCH = YES;
				"CODE_SIGN_IDENTITY[sdk=iphoneos*]" = "iPhone Developer";
				COPY_PHASE_STRIP = NO;
				DEBUG_INFORMATION_FORMAT = "dwarf-with-dsym";
				ENABLE_NS_ASSERTIONS = NO;
				ENABLE_STRICT_OBJC_MSGSEND = YES;
				GCC_C_LANGUAGE_STANDARD = gnu99;
				GCC_NO_COMMON_BLOCKS = YES;
				GCC_WARN_64_TO_32_BIT_CONVERSION = YES;
				GCC_WARN_ABOUT_RETURN_TYPE = YES_ERROR;
				GCC_WARN_UNDECLARED_SELECTOR = YES;
				GCC_WARN_UNINITIALIZED_AUTOS = YES_AGGRESSIVE;
				GCC_WARN_UNUSED_FUNCTION = YES;
				GCC_WARN_UNUSED_VARIABLE = YES;
				IPHONEOS_DEPLOYMENT_TARGET = 10.2;
				MTL_ENABLE_DEBUG_INFO = NO;
				SDKROOT = iphoneos;
				SWIFT_OPTIMIZATION_LEVEL = "-Owholemodule";
				TARGETED_DEVICE_FAMILY = "1,2";
				VALIDATE_PRODUCT = YES;
			};
			name = Release;
		};
		1E90449F1E3EC76B00F1D03E /* Debug */ = {
			isa = XCBuildConfiguration;
			baseConfigurationReference = B06176B044566F15E4271C1B /* Pods-MovieViewer.debug.xcconfig */;
			buildSettings = {
				ASSETCATALOG_COMPILER_APPICON_NAME = AppIcon;
				DEVELOPMENT_TEAM = 7BBV59XUZL;
				INFOPLIST_FILE = MovieViewer/Info.plist;
				LD_RUNPATH_SEARCH_PATHS = "$(inherited) @executable_path/Frameworks";
				PRODUCT_BUNDLE_IDENTIFIER = com.CoreGraphics.identifier;
				PRODUCT_NAME = "$(TARGET_NAME)";
				SWIFT_VERSION = 3.0;
			};
			name = Debug;
		};
		1E9044A01E3EC76B00F1D03E /* Release */ = {
			isa = XCBuildConfiguration;
			baseConfigurationReference = DD2BFF9AA930F2B57765752E /* Pods-MovieViewer.release.xcconfig */;
			buildSettings = {
				ASSETCATALOG_COMPILER_APPICON_NAME = AppIcon;
				DEVELOPMENT_TEAM = 7BBV59XUZL;
				INFOPLIST_FILE = MovieViewer/Info.plist;
				LD_RUNPATH_SEARCH_PATHS = "$(inherited) @executable_path/Frameworks";
				PRODUCT_BUNDLE_IDENTIFIER = com.CoreGraphics.identifier;
				PRODUCT_NAME = "$(TARGET_NAME)";
				SWIFT_VERSION = 3.0;
			};
			name = Release;
		};
/* End XCBuildConfiguration section */

/* Begin XCConfigurationList section */
		1E9044871E3EC76A00F1D03E /* Build configuration list for PBXProject "MovieViewer" */ = {
			isa = XCConfigurationList;
			buildConfigurations = (
				1E90449C1E3EC76B00F1D03E /* Debug */,
				1E90449D1E3EC76B00F1D03E /* Release */,
			);
			defaultConfigurationIsVisible = 0;
			defaultConfigurationName = Release;
		};
		1E90449E1E3EC76B00F1D03E /* Build configuration list for PBXNativeTarget "MovieViewer" */ = {
			isa = XCConfigurationList;
			buildConfigurations = (
				1E90449F1E3EC76B00F1D03E /* Debug */,
				1E9044A01E3EC76B00F1D03E /* Release */,
			);
			defaultConfigurationIsVisible = 0;
			defaultConfigurationName = Release;
		};
/* End XCConfigurationList section */
	};
	rootObject = 1E9044841E3EC76A00F1D03E /* Project object */;
}
